// !$*UTF8*$!
{
	archiveVersion = 1;
	classes = {
	};
	objectVersion = 50;
	objects = {

/* Begin PBXBuildFile section */
		5CACFD60268E66770090AE2C /* ResultadoViewController.swift in Sources */ = {isa = PBXBuildFile; fileRef = 5CACFD5F268E66770090AE2C /* ResultadoViewController.swift */; };
		5CF91289268E4A5700B97790 /* AppDelegate.swift in Sources */ = {isa = PBXBuildFile; fileRef = 5CF91288268E4A5700B97790 /* AppDelegate.swift */; };
		5CF9128B268E4A5700B97790 /* SceneDelegate.swift in Sources */ = {isa = PBXBuildFile; fileRef = 5CF9128A268E4A5700B97790 /* SceneDelegate.swift */; };
		5CF9128D268E4A5700B97790 /* ViewController.swift in Sources */ = {isa = PBXBuildFile; fileRef = 5CF9128C268E4A5700B97790 /* ViewController.swift */; };
		5CF91290268E4A5700B97790 /* Main.storyboard in Resources */ = {isa = PBXBuildFile; fileRef = 5CF9128E268E4A5700B97790 /* Main.storyboard */; };
		5CF91292268E4A5A00B97790 /* Assets.xcassets in Resources */ = {isa = PBXBuildFile; fileRef = 5CF91291268E4A5A00B97790 /* Assets.xcassets */; };
		5CF91295268E4A5A00B97790 /* LaunchScreen.storyboard in Resources */ = {isa = PBXBuildFile; fileRef = 5CF91293268E4A5A00B97790 /* LaunchScreen.storyboard */; };
/* End PBXBuildFile section */

/* Begin PBXFileReference section */
		5CACFD5F268E66770090AE2C /* ResultadoViewController.swift */ = {isa = PBXFileReference; lastKnownFileType = sourcecode.swift; path = ResultadoViewController.swift; sourceTree = "<group>"; };
		5CF91285268E4A5700B97790 /* Propina.app */ = {isa = PBXFileReference; explicitFileType = wrapper.application; includeInIndex = 0; path = Propina.app; sourceTree = BUILT_PRODUCTS_DIR; };
		5CF91288268E4A5700B97790 /* AppDelegate.swift */ = {isa = PBXFileReference; lastKnownFileType = sourcecode.swift; path = AppDelegate.swift; sourceTree = "<group>"; };
		5CF9128A268E4A5700B97790 /* SceneDelegate.swift */ = {isa = PBXFileReference; lastKnownFileType = sourcecode.swift; path = SceneDelegate.swift; sourceTree = "<group>"; };
		5CF9128C268E4A5700B97790 /* ViewController.swift */ = {isa = PBXFileReference; lastKnownFileType = sourcecode.swift; path = ViewController.swift; sourceTree = "<group>"; };
		5CF9128F268E4A5700B97790 /* Base */ = {isa = PBXFileReference; lastKnownFileType = file.storyboard; name = Base; path = Base.lproj/Main.storyboard; sourceTree = "<group>"; };
		5CF91291268E4A5A00B97790 /* Assets.xcassets */ = {isa = PBXFileReference; lastKnownFileType = folder.assetcatalog; path = Assets.xcassets; sourceTree = "<group>"; };
		5CF91294268E4A5A00B97790 /* Base */ = {isa = PBXFileReference; lastKnownFileType = file.storyboard; name = Base; path = Base.lproj/LaunchScreen.storyboard; sourceTree = "<group>"; };
		5CF91296268E4A5A00B97790 /* Info.plist */ = {isa = PBXFileReference; lastKnownFileType = text.plist.xml; path = Info.plist; sourceTree = "<group>"; };
/* End PBXFileReference section */

/* Begin PBXFrameworksBuildPhase section */
		5CF91282268E4A5700B97790 /* Frameworks */ = {
			isa = PBXFrameworksBuildPhase;
			buildActionMask = 2147483647;
			files = (
			);
			runOnlyForDeploymentPostprocessing = 0;
		};
/* End PBXFrameworksBuildPhase section */

/* Begin PBXGroup section */
		5CF9127C268E4A5700B97790 = {
			isa = PBXGroup;
			children = (
				5CF91287268E4A5700B97790 /* Propina */,
				5CF91286268E4A5700B97790 /* Products */,
			);
			sourceTree = "<group>";
		};
		5CF91286268E4A5700B97790 /* Products */ = {
			isa = PBXGroup;
			children = (
				5CF91285268E4A5700B97790 /* Propina.app */,
			);
			name = Products;
			sourceTree = "<group>";
		};
		5CF91287268E4A5700B97790 /* Propina */ = {
			isa = PBXGroup;
			children = (
				5CF91288268E4A5700B97790 /* AppDelegate.swift */,
				5CF9128A268E4A5700B97790 /* SceneDelegate.swift */,
				5CF9128C268E4A5700B97790 /* ViewController.swift */,
				5CACFD5F268E66770090AE2C /* ResultadoViewController.swift */,
				5CF9128E268E4A5700B97790 /* Main.storyboard */,
				5CF91291268E4A5A00B97790 /* Assets.xcassets */,
				5CF91293268E4A5A00B97790 /* LaunchScreen.storyboard */,
				5CF91296268E4A5A00B97790 /* Info.plist */,
			);
			path = Propina;
			sourceTree = "<group>";
		};
/* End PBXGroup section */

/* Begin PBXNativeTarget section */
		5CF91284268E4A5700B97790 /* Propina */ = {
			isa = PBXNativeTarget;
			buildConfigurationList = 5CF91299268E4A5A00B97790 /* Build configuration list for PBXNativeTarget "Propina" */;
			buildPhases = (
				5CF91281268E4A5700B97790 /* Sources */,
				5CF91282268E4A5700B97790 /* Frameworks */,
				5CF91283268E4A5700B97790 /* Resources */,
			);
			buildRules = (
			);
			dependencies = (
			);
			name = Propina;
			productName = Propina;
			productReference = 5CF91285268E4A5700B97790 /* Propina.app */;
			productType = "com.apple.product-type.application";
		};
/* End PBXNativeTarget section */

/* Begin PBXProject section */
		5CF9127D268E4A5700B97790 /* Project object */ = {
			isa = PBXProject;
			attributes = {
				LastSwiftUpdateCheck = 1250;
				LastUpgradeCheck = 1250;
				TargetAttributes = {
					5CF91284268E4A5700B97790 = {
						CreatedOnToolsVersion = 12.5.1;
					};
				};
			};
			buildConfigurationList = 5CF91280268E4A5700B97790 /* Build configuration list for PBXProject "Propina" */;
			compatibilityVersion = "Xcode 9.3";
			developmentRegion = en;
			hasScannedForEncodings = 0;
			knownRegions = (
				en,
				Base,
			);
			mainGroup = 5CF9127C268E4A5700B97790;
			productRefGroup = 5CF91286268E4A5700B97790 /* Products */;
			projectDirPath = "";
			projectRoot = "";
			targets = (
				5CF91284268E4A5700B97790 /* Propina */,
			);
		};
/* End PBXProject section */

/* Begin PBXResourcesBuildPhase section */
		5CF91283268E4A5700B97790 /* Resources */ = {
			isa = PBXResourcesBuildPhase;
			buildActionMask = 2147483647;
			files = (
				5CF91295268E4A5A00B97790 /* LaunchScreen.storyboard in Resources */,
				5CF91292268E4A5A00B97790 /* Assets.xcassets in Resources */,
				5CF91290268E4A5700B97790 /* Main.storyboard in Resources */,
			);
			runOnlyForDeploymentPostprocessing = 0;
		};
/* End PBXResourcesBuildPhase section */

/* Begin PBXSourcesBuildPhase section */
		5CF91281268E4A5700B97790 /* Sources */ = {
			isa = PBXSourcesBuildPhase;
			buildActionMask = 2147483647;
			files = (
				5CF9128D268E4A5700B97790 /* ViewController.swift in Sources */,
				5CF91289268E4A5700B97790 /* AppDelegate.swift in Sources */,
				5CACFD60268E66770090AE2C /* ResultadoViewController.swift in Sources */,
				5CF9128B268E4A5700B97790 /* SceneDelegate.swift in Sources */,
			);
			runOnlyForDeploymentPostprocessing = 0;
		};
/* End PBXSourcesBuildPhase section */

/* Begin PBXVariantGroup section */
		5CF9128E268E4A5700B97790 /* Main.storyboard */ = {
			isa = PBXVariantGroup;
			children = (
				5CF9128F268E4A5700B97790 /* Base */,
			);
			name = Main.storyboard;
			sourceTree = "<group>";
		};
		5CF91293268E4A5A00B97790 /* LaunchScreen.storyboard */ = {
			isa = PBXVariantGroup;
			children = (
				5CF91294268E4A5A00B97790 /* Base */,
			);
			name = LaunchScreen.storyboard;
			sourceTree = "<group>";
		};
/* End PBXVariantGroup section */

/* Begin XCBuildConfiguration section */
		5CF91297268E4A5A00B97790 /* Debug */ = {
			isa = XCBuildConfiguration;
			buildSettings = {
				ALWAYS_SEARCH_USER_PATHS = NO;
				CLANG_ANALYZER_NONNULL = YES;
				CLANG_ANALYZER_NUMBER_OBJECT_CONVERSION = YES_AGGRESSIVE;
				CLANG_CXX_LANGUAGE_STANDARD = "gnu++14";
				CLANG_CXX_LIBRARY = "libc++";
				CLANG_ENABLE_MODULES = YES;
				CLANG_ENABLE_OBJC_ARC = YES;
				CLANG_ENABLE_OBJC_WEAK = YES;
				CLANG_WARN_BLOCK_CAPTURE_AUTORELEASING = YES;
				CLANG_WARN_BOOL_CONVERSION = YES;
				CLANG_WARN_COMMA = YES;
				CLANG_WARN_CONSTANT_CONVERSION = YES;
				CLANG_WARN_DEPRECATED_OBJC_IMPLEMENTATIONS = YES;
				CLANG_WARN_DIRECT_OBJC_ISA_USAGE = YES_ERROR;
				CLANG_WARN_DOCUMENTATION_COMMENTS = YES;
				CLANG_WARN_EMPTY_BODY = YES;
				CLANG_WARN_ENUM_CONVERSION = YES;
				CLANG_WARN_INFINITE_RECURSION = YES;
				CLANG_WARN_INT_CONVERSION = YES;
				CLANG_WARN_NON_LITERAL_NULL_CONVERSION = YES;
				CLANG_WARN_OBJC_IMPLICIT_RETAIN_SELF = YES;
				CLANG_WARN_OBJC_LITERAL_CONVERSION = YES;
				CLANG_WARN_OBJC_ROOT_CLASS = YES_ERROR;
				CLANG_WARN_QUOTED_INCLUDE_IN_FRAMEWORK_HEADER = YES;
				CLANG_WARN_RANGE_LOOP_ANALYSIS = YES;
				CLANG_WARN_STRICT_PROTOTYPES = YES;
				CLANG_WARN_SUSPICIOUS_MOVE = YES;
				CLANG_WARN_UNGUARDED_AVAILABILITY = YES_AGGRESSIVE;
				CLANG_WARN_UNREACHABLE_CODE = YES;
				CLANG_WARN__DUPLICATE_METHOD_MATCH = YES;
				COPY_PHASE_STRIP = NO;
				DEBUG_INFORMATION_FORMAT = dwarf;
				ENABLE_STRICT_OBJC_MSGSEND = YES;
				ENABLE_TESTABILITY = YES;
				GCC_C_LANGUAGE_STANDARD = gnu11;
				GCC_DYNAMIC_NO_PIC = NO;
				GCC_NO_COMMON_BLOCKS = YES;
				GCC_OPTIMIZATION_LEVEL = 0;
				GCC_PREPROCESSOR_DEFINITIONS = (
					"DEBUG=1",
					"$(inherited)",
				);
				GCC_WARN_64_TO_32_BIT_CONVERSION = YES;
				GCC_WARN_ABOUT_RETURN_TYPE = YES_ERROR;
				GCC_WARN_UNDECLARED_SELECTOR = YES;
				GCC_WARN_UNINITIALIZED_AUTOS = YES_AGGRESSIVE;
				GCC_WARN_UNUSED_FUNCTION = YES;
				GCC_WARN_UNUSED_VARIABLE = YES;
				IPHONEOS_DEPLOYMENT_TARGET = 14.5;
				MTL_ENABLE_DEBUG_INFO = INCLUDE_SOURCE;
				MTL_FAST_MATH = YES;
				ONLY_ACTIVE_ARCH = YES;
				SDKROOT = iphoneos;
				SWIFT_ACTIVE_COMPILATION_CONDITIONS = DEBUG;
				SWIFT_OPTIMIZATION_LEVEL = "-Onone";
			};
			name = Debug;
		};
		5CF91298268E4A5A00B97790 /* Release */ = {
			isa = XCBuildConfiguration;
			buildSettings = {
				ALWAYS_SEARCH_USER_PATHS = NO;
				CLANG_ANALYZER_NONNULL = YES;
				CLANG_ANALYZER_NUMBER_OBJECT_CONVERSION = YES_AGGRESSIVE;
				CLANG_CXX_LANGUAGE_STANDARD = "gnu++14";
				CLANG_CXX_LIBRARY = "libc++";
				CLANG_ENABLE_MODULES = YES;
				CLANG_ENABLE_OBJC_ARC = YES;
				CLANG_ENABLE_OBJC_WEAK = YES;
				CLANG_WARN_BLOCK_CAPTURE_AUTORELEASING = YES;
				CLANG_WARN_BOOL_CONVERSION = YES;
				CLANG_WARN_COMMA = YES;
				CLANG_WARN_CONSTANT_CONVERSION = YES;
				CLANG_WARN_DEPRECATED_OBJC_IMPLEMENTATIONS = YES;
				CLANG_WARN_DIRECT_OBJC_ISA_USAGE = YES_ERROR;
				CLANG_WARN_DOCUMENTATION_COMMENTS = YES;
				CLANG_WARN_EMPTY_BODY = YES;
				CLANG_WARN_ENUM_CONVERSION = YES;
				CLANG_WARN_INFINITE_RECURSION = YES;
				CLANG_WARN_INT_CONVERSION = YES;
				CLANG_WARN_NON_LITERAL_NULL_CONVERSION = YES;
				CLANG_WARN_OBJC_IMPLICIT_RETAIN_SELF = YES;
				CLANG_WARN_OBJC_LITERAL_CONVERSION = YES;
				CLANG_WARN_OBJC_ROOT_CLASS = YES_ERROR;
				CLANG_WARN_QUOTED_INCLUDE_IN_FRAMEWORK_HEADER = YES;
				CLANG_WARN_RANGE_LOOP_ANALYSIS = YES;
				CLANG_WARN_STRICT_PROTOTYPES = YES;
				CLANG_WARN_SUSPICIOUS_MOVE = YES;
				CLANG_WARN_UNGUARDED_AVAILABILITY = YES_AGGRESSIVE;
				CLANG_WARN_UNREACHABLE_CODE = YES;
				CLANG_WARN__DUPLICATE_METHOD_MATCH = YES;
				COPY_PHASE_STRIP = NO;
				DEBUG_INFORMATION_FORMAT = "dwarf-with-dsym";
				ENABLE_NS_ASSERTIONS = NO;
				ENABLE_STRICT_OBJC_MSGSEND = YES;
				GCC_C_LANGUAGE_STANDARD = gnu11;
				GCC_NO_COMMON_BLOCKS = YES;
				GCC_WARN_64_TO_32_BIT_CONVERSION = YES;
				GCC_WARN_ABOUT_RETURN_TYPE = YES_ERROR;
				GCC_WARN_UNDECLARED_SELECTOR = YES;
				GCC_WARN_UNINITIALIZED_AUTOS = YES_AGGRESSIVE;
				GCC_WARN_UNUSED_FUNCTION = YES;
				GCC_WARN_UNUSED_VARIABLE = YES;
				IPHONEOS_DEPLOYMENT_TARGET = 14.5;
				MTL_ENABLE_DEBUG_INFO = NO;
				MTL_FAST_MATH = YES;
				SDKROOT = iphoneos;
				SWIFT_COMPILATION_MODE = wholemodule;
				SWIFT_OPTIMIZATION_LEVEL = "-O";
				VALIDATE_PRODUCT = YES;
			};
			name = Release;
		};
		5CF9129A268E4A5A00B97790 /* Debug */ = {
			isa = XCBuildConfiguration;
			buildSettings = {
				ASSETCATALOG_COMPILER_APPICON_NAME = AppIcon;
				ASSETCATALOG_COMPILER_GLOBAL_ACCENT_COLOR_NAME = AccentColor;
				CODE_SIGN_STYLE = Automatic;
				DEVELOPMENT_TEAM = Z5N57HZQLQ;
				INFOPLIST_FILE = Propina/Info.plist;
				LD_RUNPATH_SEARCH_PATHS = (
					"$(inherited)",
					"@executable_path/Frameworks",
				);
				PRODUCT_BUNDLE_IDENTIFIER = cesar.Propina;
				PRODUCT_NAME = "$(TARGET_NAME)";
				SWIFT_VERSION = 5.0;
				TARGETED_DEVICE_FAMILY = "1,2";
			};
			name = Debug;
		};
		5CF9129B268E4A5A00B97790 /* Release */ = {
			isa = XCBuildConfiguration;
			buildSettings = {
				ASSETCATALOG_COMPILER_APPICON_NAME = AppIcon;
				ASSETCATALOG_COMPILER_GLOBAL_ACCENT_COLOR_NAME = AccentColor;
				CODE_SIGN_STYLE = Automatic;
				DEVELOPMENT_TEAM = Z5N57HZQLQ;
				INFOPLIST_FILE = Propina/Info.plist;
				LD_RUNPATH_SEARCH_PATHS = (
					"$(inherited)",
					"@executable_path/Frameworks",
				);
				PRODUCT_BUNDLE_IDENTIFIER = cesar.Propina;
				PRODUCT_NAME = "$(TARGET_NAME)";
				SWIFT_VERSION = 5.0;
				TARGETED_DEVICE_FAMILY = "1,2";
			};
			name = Release;
		};
/* End XCBuildConfiguration section */

/* Begin XCConfigurationList section */
		5CF91280268E4A5700B97790 /* Build configuration list for PBXProject "Propina" */ = {
			isa = XCConfigurationList;
			buildConfigurations = (
				5CF91297268E4A5A00B97790 /* Debug */,
				5CF91298268E4A5A00B97790 /* Release */,
			);
			defaultConfigurationIsVisible = 0;
			defaultConfigurationName = Release;
		};
		5CF91299268E4A5A00B97790 /* Build configuration list for PBXNativeTarget "Propina" */ = {
			isa = XCConfigurationList;
			buildConfigurations = (
				5CF9129A268E4A5A00B97790 /* Debug */,
				5CF9129B268E4A5A00B97790 /* Release */,
			);
			defaultConfigurationIsVisible = 0;
			defaultConfigurationName = Release;
		};
/* End XCConfigurationList section */
	};
	rootObject = 5CF9127D268E4A5700B97790 /* Project object */;
}
